// !$*UTF8*$!
{
	archiveVersion = 1;
	classes = {
	};
	objectVersion = 46;
	objects = {

/* Begin PBXBuildFile section */
		1E5297E91DF4CF6900F212E3 /* LibraryTableTableViewController.swift in Sources */ = {isa = PBXBuildFile; fileRef = 1E5297E81DF4CF6900F212E3 /* LibraryTableTableViewController.swift */; };
		1E5297EB1DF4D03600F212E3 /* SongTableViewCell.swift in Sources */ = {isa = PBXBuildFile; fileRef = 1E5297EA1DF4D03600F212E3 /* SongTableViewCell.swift */; };
		1E5297ED1DF4D25F00F212E3 /* PlayerViewController.swift in Sources */ = {isa = PBXBuildFile; fileRef = 1E5297EC1DF4D25F00F212E3 /* PlayerViewController.swift */; };
		5001CE33124B331CB95AC6D3 /* Pods_SingtoSleepTests.framework in Frameworks */ = {isa = PBXBuildFile; fileRef = E6A41766294597AFDE24FA7E /* Pods_SingtoSleepTests.framework */; };
		51EA0B331DA5E927005E9537 /* AppDelegate.swift in Sources */ = {isa = PBXBuildFile; fileRef = 51EA0B321DA5E927005E9537 /* AppDelegate.swift */; };
		51EA0B381DA5E927005E9537 /* Main.storyboard in Resources */ = {isa = PBXBuildFile; fileRef = 51EA0B361DA5E927005E9537 /* Main.storyboard */; };
		51EA0B3A1DA5E927005E9537 /* Assets.xcassets in Resources */ = {isa = PBXBuildFile; fileRef = 51EA0B391DA5E927005E9537 /* Assets.xcassets */; };
		51EA0B3D1DA5E927005E9537 /* LaunchScreen.storyboard in Resources */ = {isa = PBXBuildFile; fileRef = 51EA0B3B1DA5E927005E9537 /* LaunchScreen.storyboard */; };
		51EA0B481DA5E927005E9537 /* SingtoSleepTests.swift in Sources */ = {isa = PBXBuildFile; fileRef = 51EA0B471DA5E927005E9537 /* SingtoSleepTests.swift */; };
		51EA0B531DA5E927005E9537 /* SingtoSleepUITests.swift in Sources */ = {isa = PBXBuildFile; fileRef = 51EA0B521DA5E927005E9537 /* SingtoSleepUITests.swift */; };
		62FE603B4BA9C07B1E42D569 /* Pods_SingtoSleepUITests.framework in Frameworks */ = {isa = PBXBuildFile; fileRef = 168C13ADEF666BA4BACB5983 /* Pods_SingtoSleepUITests.framework */; };
		87456B124D8F4095CF3B5979 /* Pods_SingtoSleep.framework in Frameworks */ = {isa = PBXBuildFile; fileRef = 8180BAD4D081BD6A51F7BB0D /* Pods_SingtoSleep.framework */; };
/* End PBXBuildFile section */

/* Begin PBXContainerItemProxy section */
		51EA0B441DA5E927005E9537 /* PBXContainerItemProxy */ = {
			isa = PBXContainerItemProxy;
			containerPortal = 51EA0B271DA5E926005E9537 /* Project object */;
			proxyType = 1;
			remoteGlobalIDString = 51EA0B2E1DA5E926005E9537;
			remoteInfo = SingtoSleep;
		};
		51EA0B4F1DA5E927005E9537 /* PBXContainerItemProxy */ = {
			isa = PBXContainerItemProxy;
			containerPortal = 51EA0B271DA5E926005E9537 /* Project object */;
			proxyType = 1;
			remoteGlobalIDString = 51EA0B2E1DA5E926005E9537;
			remoteInfo = SingtoSleep;
		};
/* End PBXContainerItemProxy section */

/* Begin PBXFileReference section */
		0B648CBAA6F4C5AD9D9C72C8 /* Pods-SingtoSleepTests.debug.xcconfig */ = {isa = PBXFileReference; includeInIndex = 1; lastKnownFileType = text.xcconfig; name = "Pods-SingtoSleepTests.debug.xcconfig"; path = "Pods/Target Support Files/Pods-SingtoSleepTests/Pods-SingtoSleepTests.debug.xcconfig"; sourceTree = "<group>"; };
		0D728F3FC7FD27C8EB6CFB5E /* Pods-SingtoSleepTests.release.xcconfig */ = {isa = PBXFileReference; includeInIndex = 1; lastKnownFileType = text.xcconfig; name = "Pods-SingtoSleepTests.release.xcconfig"; path = "Pods/Target Support Files/Pods-SingtoSleepTests/Pods-SingtoSleepTests.release.xcconfig"; sourceTree = "<group>"; };
		168C13ADEF666BA4BACB5983 /* Pods_SingtoSleepUITests.framework */ = {isa = PBXFileReference; explicitFileType = wrapper.framework; includeInIndex = 0; path = Pods_SingtoSleepUITests.framework; sourceTree = BUILT_PRODUCTS_DIR; };
		1E5297E81DF4CF6900F212E3 /* LibraryTableTableViewController.swift */ = {isa = PBXFileReference; fileEncoding = 4; lastKnownFileType = sourcecode.swift; path = LibraryTableTableViewController.swift; sourceTree = "<group>"; };
		1E5297EA1DF4D03600F212E3 /* SongTableViewCell.swift */ = {isa = PBXFileReference; fileEncoding = 4; lastKnownFileType = sourcecode.swift; path = SongTableViewCell.swift; sourceTree = "<group>"; };
		1E5297EC1DF4D25F00F212E3 /* PlayerViewController.swift */ = {isa = PBXFileReference; fileEncoding = 4; lastKnownFileType = sourcecode.swift; path = PlayerViewController.swift; sourceTree = "<group>"; };
		4201F4BA83FC6B9E903C32C3 /* Pods-SingtoSleepUITests.debug.xcconfig */ = {isa = PBXFileReference; includeInIndex = 1; lastKnownFileType = text.xcconfig; name = "Pods-SingtoSleepUITests.debug.xcconfig"; path = "Pods/Target Support Files/Pods-SingtoSleepUITests/Pods-SingtoSleepUITests.debug.xcconfig"; sourceTree = "<group>"; };
		4C2715310E09594760809DB5 /* Pods-SingtoSleep.debug.xcconfig */ = {isa = PBXFileReference; includeInIndex = 1; lastKnownFileType = text.xcconfig; name = "Pods-SingtoSleep.debug.xcconfig"; path = "Pods/Target Support Files/Pods-SingtoSleep/Pods-SingtoSleep.debug.xcconfig"; sourceTree = "<group>"; };
		51EA0B2F1DA5E927005E9537 /* SingtoSleep.app */ = {isa = PBXFileReference; explicitFileType = wrapper.application; includeInIndex = 0; path = SingtoSleep.app; sourceTree = BUILT_PRODUCTS_DIR; };
		51EA0B321DA5E927005E9537 /* AppDelegate.swift */ = {isa = PBXFileReference; lastKnownFileType = sourcecode.swift; path = AppDelegate.swift; sourceTree = "<group>"; };
		51EA0B371DA5E927005E9537 /* Base */ = {isa = PBXFileReference; lastKnownFileType = file.storyboard; name = Base; path = Base.lproj/Main.storyboard; sourceTree = "<group>"; };
		51EA0B391DA5E927005E9537 /* Assets.xcassets */ = {isa = PBXFileReference; lastKnownFileType = folder.assetcatalog; path = Assets.xcassets; sourceTree = "<group>"; };
		51EA0B3C1DA5E927005E9537 /* Base */ = {isa = PBXFileReference; lastKnownFileType = file.storyboard; name = Base; path = Base.lproj/LaunchScreen.storyboard; sourceTree = "<group>"; };
		51EA0B3E1DA5E927005E9537 /* Info.plist */ = {isa = PBXFileReference; lastKnownFileType = text.plist.xml; path = Info.plist; sourceTree = "<group>"; };
		51EA0B431DA5E927005E9537 /* SingtoSleepTests.xctest */ = {isa = PBXFileReference; explicitFileType = wrapper.cfbundle; includeInIndex = 0; path = SingtoSleepTests.xctest; sourceTree = BUILT_PRODUCTS_DIR; };
		51EA0B471DA5E927005E9537 /* SingtoSleepTests.swift */ = {isa = PBXFileReference; lastKnownFileType = sourcecode.swift; path = SingtoSleepTests.swift; sourceTree = "<group>"; };
		51EA0B491DA5E927005E9537 /* Info.plist */ = {isa = PBXFileReference; lastKnownFileType = text.plist.xml; path = Info.plist; sourceTree = "<group>"; };
		51EA0B4E1DA5E927005E9537 /* SingtoSleepUITests.xctest */ = {isa = PBXFileReference; explicitFileType = wrapper.cfbundle; includeInIndex = 0; path = SingtoSleepUITests.xctest; sourceTree = BUILT_PRODUCTS_DIR; };
		51EA0B521DA5E927005E9537 /* SingtoSleepUITests.swift */ = {isa = PBXFileReference; lastKnownFileType = sourcecode.swift; path = SingtoSleepUITests.swift; sourceTree = "<group>"; };
		51EA0B541DA5E927005E9537 /* Info.plist */ = {isa = PBXFileReference; lastKnownFileType = text.plist.xml; path = Info.plist; sourceTree = "<group>"; };
		80D89CCC7E4C59C8F0FF1B02 /* Pods-SingtoSleep.release.xcconfig */ = {isa = PBXFileReference; includeInIndex = 1; lastKnownFileType = text.xcconfig; name = "Pods-SingtoSleep.release.xcconfig"; path = "Pods/Target Support Files/Pods-SingtoSleep/Pods-SingtoSleep.release.xcconfig"; sourceTree = "<group>"; };
		8180BAD4D081BD6A51F7BB0D /* Pods_SingtoSleep.framework */ = {isa = PBXFileReference; explicitFileType = wrapper.framework; includeInIndex = 0; path = Pods_SingtoSleep.framework; sourceTree = BUILT_PRODUCTS_DIR; };
		E6A41766294597AFDE24FA7E /* Pods_SingtoSleepTests.framework */ = {isa = PBXFileReference; explicitFileType = wrapper.framework; includeInIndex = 0; path = Pods_SingtoSleepTests.framework; sourceTree = BUILT_PRODUCTS_DIR; };
		F3766EF2D93CA643D04A0D1C /* Pods-SingtoSleepUITests.release.xcconfig */ = {isa = PBXFileReference; includeInIndex = 1; lastKnownFileType = text.xcconfig; name = "Pods-SingtoSleepUITests.release.xcconfig"; path = "Pods/Target Support Files/Pods-SingtoSleepUITests/Pods-SingtoSleepUITests.release.xcconfig"; sourceTree = "<group>"; };
/* End PBXFileReference section */

/* Begin PBXFrameworksBuildPhase section */
		51EA0B2C1DA5E926005E9537 /* Frameworks */ = {
			isa = PBXFrameworksBuildPhase;
			buildActionMask = 2147483647;
			files = (
				87456B124D8F4095CF3B5979 /* Pods_SingtoSleep.framework in Frameworks */,
			);
			runOnlyForDeploymentPostprocessing = 0;
		};
		51EA0B401DA5E927005E9537 /* Frameworks */ = {
			isa = PBXFrameworksBuildPhase;
			buildActionMask = 2147483647;
			files = (
				5001CE33124B331CB95AC6D3 /* Pods_SingtoSleepTests.framework in Frameworks */,
			);
			runOnlyForDeploymentPostprocessing = 0;
		};
		51EA0B4B1DA5E927005E9537 /* Frameworks */ = {
			isa = PBXFrameworksBuildPhase;
			buildActionMask = 2147483647;
			files = (
				62FE603B4BA9C07B1E42D569 /* Pods_SingtoSleepUITests.framework in Frameworks */,
			);
			runOnlyForDeploymentPostprocessing = 0;
		};
/* End PBXFrameworksBuildPhase section */

/* Begin PBXGroup section */
		1E5297E51DF4CE2E00F212E3 /* ViewControllers */ = {
			isa = PBXGroup;
			children = (
				1E5297E81DF4CF6900F212E3 /* LibraryTableTableViewController.swift */,
				1E5297EC1DF4D25F00F212E3 /* PlayerViewController.swift */,
			);
			name = ViewControllers;
			sourceTree = "<group>";
		};
		1E5297E61DF4CE5000F212E3 /* Views */ = {
			isa = PBXGroup;
			children = (
				1E5297EA1DF4D03600F212E3 /* SongTableViewCell.swift */,
			);
			name = Views;
			sourceTree = "<group>";
		};
		1E5297EE1DF4D8FA00F212E3 /* Data */ = {
			isa = PBXGroup;
			children = (
			);
			name = Data;
			sourceTree = "<group>";
		};
		51EA0B261DA5E926005E9537 = {
			isa = PBXGroup;
			children = (
				51EA0B311DA5E927005E9537 /* SingtoSleep */,
				51EA0B461DA5E927005E9537 /* SingtoSleepTests */,
				51EA0B511DA5E927005E9537 /* SingtoSleepUITests */,
				51EA0B301DA5E927005E9537 /* Products */,
				54D2C26283A84D8AD0ED26C9 /* Pods */,
				F509D4A7FADFA9854A37FAA7 /* Frameworks */,
			);
			sourceTree = "<group>";
		};
		51EA0B301DA5E927005E9537 /* Products */ = {
			isa = PBXGroup;
			children = (
				51EA0B2F1DA5E927005E9537 /* SingtoSleep.app */,
				51EA0B431DA5E927005E9537 /* SingtoSleepTests.xctest */,
				51EA0B4E1DA5E927005E9537 /* SingtoSleepUITests.xctest */,
			);
			name = Products;
			sourceTree = "<group>";
		};
		51EA0B311DA5E927005E9537 /* SingtoSleep */ = {
			isa = PBXGroup;
			children = (
				1E5297EE1DF4D8FA00F212E3 /* Data */,
				1E5297E51DF4CE2E00F212E3 /* ViewControllers */,
				1E5297E61DF4CE5000F212E3 /* Views */,
				51EA0B321DA5E927005E9537 /* AppDelegate.swift */,
				51EA0B361DA5E927005E9537 /* Main.storyboard */,
				51EA0B391DA5E927005E9537 /* Assets.xcassets */,
				51EA0B3B1DA5E927005E9537 /* LaunchScreen.storyboard */,
				51EA0B3E1DA5E927005E9537 /* Info.plist */,
			);
			path = SingtoSleep;
			sourceTree = "<group>";
		};
		51EA0B461DA5E927005E9537 /* SingtoSleepTests */ = {
			isa = PBXGroup;
			children = (
				51EA0B471DA5E927005E9537 /* SingtoSleepTests.swift */,
				51EA0B491DA5E927005E9537 /* Info.plist */,
			);
			path = SingtoSleepTests;
			sourceTree = "<group>";
		};
		51EA0B511DA5E927005E9537 /* SingtoSleepUITests */ = {
			isa = PBXGroup;
			children = (
				51EA0B521DA5E927005E9537 /* SingtoSleepUITests.swift */,
				51EA0B541DA5E927005E9537 /* Info.plist */,
			);
			path = SingtoSleepUITests;
			sourceTree = "<group>";
		};
		54D2C26283A84D8AD0ED26C9 /* Pods */ = {
			isa = PBXGroup;
			children = (
				4C2715310E09594760809DB5 /* Pods-SingtoSleep.debug.xcconfig */,
				80D89CCC7E4C59C8F0FF1B02 /* Pods-SingtoSleep.release.xcconfig */,
				0B648CBAA6F4C5AD9D9C72C8 /* Pods-SingtoSleepTests.debug.xcconfig */,
				0D728F3FC7FD27C8EB6CFB5E /* Pods-SingtoSleepTests.release.xcconfig */,
				4201F4BA83FC6B9E903C32C3 /* Pods-SingtoSleepUITests.debug.xcconfig */,
				F3766EF2D93CA643D04A0D1C /* Pods-SingtoSleepUITests.release.xcconfig */,
			);
			name = Pods;
			sourceTree = "<group>";
		};
		F509D4A7FADFA9854A37FAA7 /* Frameworks */ = {
			isa = PBXGroup;
			children = (
				8180BAD4D081BD6A51F7BB0D /* Pods_SingtoSleep.framework */,
				E6A41766294597AFDE24FA7E /* Pods_SingtoSleepTests.framework */,
				168C13ADEF666BA4BACB5983 /* Pods_SingtoSleepUITests.framework */,
			);
			name = Frameworks;
			sourceTree = "<group>";
		};
/* End PBXGroup section */

/* Begin PBXNativeTarget section */
		51EA0B2E1DA5E926005E9537 /* SingtoSleep */ = {
			isa = PBXNativeTarget;
			buildConfigurationList = 51EA0B571DA5E927005E9537 /* Build configuration list for PBXNativeTarget "SingtoSleep" */;
			buildPhases = (
				A6717233A4FBAAB658141FCE /* [CP] Check Pods Manifest.lock */,
				51EA0B2B1DA5E926005E9537 /* Sources */,
				51EA0B2C1DA5E926005E9537 /* Frameworks */,
				51EA0B2D1DA5E926005E9537 /* Resources */,
				1409B0A8E77DB3F75F8C723A /* [CP] Embed Pods Frameworks */,
				FEEAC6B7FAE8C955ABB58E9D /* [CP] Copy Pods Resources */,
			);
			buildRules = (
			);
			dependencies = (
			);
			name = SingtoSleep;
			productName = SingtoSleep;
			productReference = 51EA0B2F1DA5E927005E9537 /* SingtoSleep.app */;
			productType = "com.apple.product-type.application";
		};
		51EA0B421DA5E927005E9537 /* SingtoSleepTests */ = {
			isa = PBXNativeTarget;
			buildConfigurationList = 51EA0B5A1DA5E927005E9537 /* Build configuration list for PBXNativeTarget "SingtoSleepTests" */;
			buildPhases = (
				06CFAEFEE032C75F6529EF44 /* [CP] Check Pods Manifest.lock */,
				51EA0B3F1DA5E927005E9537 /* Sources */,
				51EA0B401DA5E927005E9537 /* Frameworks */,
				51EA0B411DA5E927005E9537 /* Resources */,
				4D0A756D160B86CCD715DDEF /* [CP] Embed Pods Frameworks */,
				19A1F54F81373B8F37F7BB60 /* [CP] Copy Pods Resources */,
			);
			buildRules = (
			);
			dependencies = (
				51EA0B451DA5E927005E9537 /* PBXTargetDependency */,
			);
			name = SingtoSleepTests;
			productName = SingtoSleepTests;
			productReference = 51EA0B431DA5E927005E9537 /* SingtoSleepTests.xctest */;
			productType = "com.apple.product-type.bundle.unit-test";
		};
		51EA0B4D1DA5E927005E9537 /* SingtoSleepUITests */ = {
			isa = PBXNativeTarget;
			buildConfigurationList = 51EA0B5D1DA5E927005E9537 /* Build configuration list for PBXNativeTarget "SingtoSleepUITests" */;
			buildPhases = (
				C77E287E88B43360ED05FCD5 /* [CP] Check Pods Manifest.lock */,
				51EA0B4A1DA5E927005E9537 /* Sources */,
				51EA0B4B1DA5E927005E9537 /* Frameworks */,
				51EA0B4C1DA5E927005E9537 /* Resources */,
				4714BC858ED94226330B9083 /* [CP] Copy Pods Resources */,
			);
			buildRules = (
			);
			dependencies = (
				51EA0B501DA5E927005E9537 /* PBXTargetDependency */,
			);
			name = SingtoSleepUITests;
			productName = SingtoSleepUITests;
			productReference = 51EA0B4E1DA5E927005E9537 /* SingtoSleepUITests.xctest */;
			productType = "com.apple.product-type.bundle.ui-testing";
		};
/* End PBXNativeTarget section */

/* Begin PBXProject section */
		51EA0B271DA5E926005E9537 /* Project object */ = {
			isa = PBXProject;
			attributes = {
				LastSwiftUpdateCheck = 0730;
				LastUpgradeCheck = 0730;
				ORGANIZATIONNAME = "Anand Chandra";
				TargetAttributes = {
					51EA0B2E1DA5E926005E9537 = {
						CreatedOnToolsVersion = 7.3.1;
						LastSwiftMigration = 0810;
						SystemCapabilities = {
							com.apple.BackgroundModes = {
								enabled = 1;
							};
						};
					};
					51EA0B421DA5E927005E9537 = {
						CreatedOnToolsVersion = 7.3.1;
						LastSwiftMigration = 0810;
						TestTargetID = 51EA0B2E1DA5E926005E9537;
					};
					51EA0B4D1DA5E927005E9537 = {
						CreatedOnToolsVersion = 7.3.1;
						LastSwiftMigration = 0810;
						TestTargetID = 51EA0B2E1DA5E926005E9537;
					};
				};
			};
			buildConfigurationList = 51EA0B2A1DA5E926005E9537 /* Build configuration list for PBXProject "SingtoSleep" */;
			compatibilityVersion = "Xcode 3.2";
			developmentRegion = English;
			hasScannedForEncodings = 0;
			knownRegions = (
				en,
				Base,
			);
			mainGroup = 51EA0B261DA5E926005E9537;
			productRefGroup = 51EA0B301DA5E927005E9537 /* Products */;
			projectDirPath = "";
			projectRoot = "";
			targets = (
				51EA0B2E1DA5E926005E9537 /* SingtoSleep */,
				51EA0B421DA5E927005E9537 /* SingtoSleepTests */,
				51EA0B4D1DA5E927005E9537 /* SingtoSleepUITests */,
			);
		};
/* End PBXProject section */

/* Begin PBXResourcesBuildPhase section */
		51EA0B2D1DA5E926005E9537 /* Resources */ = {
			isa = PBXResourcesBuildPhase;
			buildActionMask = 2147483647;
			files = (
				51EA0B3D1DA5E927005E9537 /* LaunchScreen.storyboard in Resources */,
				51EA0B3A1DA5E927005E9537 /* Assets.xcassets in Resources */,
				51EA0B381DA5E927005E9537 /* Main.storyboard in Resources */,
			);
			runOnlyForDeploymentPostprocessing = 0;
		};
		51EA0B411DA5E927005E9537 /* Resources */ = {
			isa = PBXResourcesBuildPhase;
			buildActionMask = 2147483647;
			files = (
			);
			runOnlyForDeploymentPostprocessing = 0;
		};
		51EA0B4C1DA5E927005E9537 /* Resources */ = {
			isa = PBXResourcesBuildPhase;
			buildActionMask = 2147483647;
			files = (
			);
			runOnlyForDeploymentPostprocessing = 0;
		};
/* End PBXResourcesBuildPhase section */

/* Begin PBXShellScriptBuildPhase section */
		06CFAEFEE032C75F6529EF44 /* [CP] Check Pods Manifest.lock */ = {
			isa = PBXShellScriptBuildPhase;
			buildActionMask = 2147483647;
			files = (
			);
			inputPaths = (
			);
			name = "[CP] Check Pods Manifest.lock";
			outputPaths = (
			);
			runOnlyForDeploymentPostprocessing = 0;
			shellPath = /bin/sh;
			shellScript = "diff \"${PODS_ROOT}/../Podfile.lock\" \"${PODS_ROOT}/Manifest.lock\" > /dev/null\nif [[ $? != 0 ]] ; then\n    cat << EOM\nerror: The sandbox is not in sync with the Podfile.lock. Run 'pod install' or update your CocoaPods installation.\nEOM\n    exit 1\nfi\n";
			showEnvVarsInLog = 0;
		};
		1409B0A8E77DB3F75F8C723A /* [CP] Embed Pods Frameworks */ = {
			isa = PBXShellScriptBuildPhase;
			buildActionMask = 2147483647;
			files = (
			);
			inputPaths = (
			);
			name = "[CP] Embed Pods Frameworks";
			outputPaths = (
			);
			runOnlyForDeploymentPostprocessing = 0;
			shellPath = /bin/sh;
			shellScript = "\"${SRCROOT}/Pods/Target Support Files/Pods-SingtoSleep/Pods-SingtoSleep-frameworks.sh\"\n";
			showEnvVarsInLog = 0;
		};
		19A1F54F81373B8F37F7BB60 /* [CP] Copy Pods Resources */ = {
			isa = PBXShellScriptBuildPhase;
			buildActionMask = 2147483647;
			files = (
			);
			inputPaths = (
			);
			name = "[CP] Copy Pods Resources";
			outputPaths = (
			);
			runOnlyForDeploymentPostprocessing = 0;
			shellPath = /bin/sh;
			shellScript = "\"${SRCROOT}/Pods/Target Support Files/Pods-SingtoSleepTests/Pods-SingtoSleepTests-resources.sh\"\n";
			showEnvVarsInLog = 0;
		};
		4714BC858ED94226330B9083 /* [CP] Copy Pods Resources */ = {
			isa = PBXShellScriptBuildPhase;
			buildActionMask = 2147483647;
			files = (
			);
			inputPaths = (
			);
			name = "[CP] Copy Pods Resources";
			outputPaths = (
			);
			runOnlyForDeploymentPostprocessing = 0;
			shellPath = /bin/sh;
			shellScript = "\"${SRCROOT}/Pods/Target Support Files/Pods-SingtoSleepUITests/Pods-SingtoSleepUITests-resources.sh\"\n";
			showEnvVarsInLog = 0;
		};
		4D0A756D160B86CCD715DDEF /* [CP] Embed Pods Frameworks */ = {
			isa = PBXShellScriptBuildPhase;
			buildActionMask = 2147483647;
			files = (
			);
			inputPaths = (
			);
			name = "[CP] Embed Pods Frameworks";
			outputPaths = (
			);
			runOnlyForDeploymentPostprocessing = 0;
			shellPath = /bin/sh;
			shellScript = "\"${SRCROOT}/Pods/Target Support Files/Pods-SingtoSleepTests/Pods-SingtoSleepTests-frameworks.sh\"\n";
			showEnvVarsInLog = 0;
		};
		A6717233A4FBAAB658141FCE /* [CP] Check Pods Manifest.lock */ = {
			isa = PBXShellScriptBuildPhase;
			buildActionMask = 2147483647;
			files = (
			);
			inputPaths = (
			);
			name = "[CP] Check Pods Manifest.lock";
			outputPaths = (
			);
			runOnlyForDeploymentPostprocessing = 0;
			shellPath = /bin/sh;
			shellScript = "diff \"${PODS_ROOT}/../Podfile.lock\" \"${PODS_ROOT}/Manifest.lock\" > /dev/null\nif [[ $? != 0 ]] ; then\n    cat << EOM\nerror: The sandbox is not in sync with the Podfile.lock. Run 'pod install' or update your CocoaPods installation.\nEOM\n    exit 1\nfi\n";
			showEnvVarsInLog = 0;
		};
		C77E287E88B43360ED05FCD5 /* [CP] Check Pods Manifest.lock */ = {
			isa = PBXShellScriptBuildPhase;
			buildActionMask = 2147483647;
			files = (
			);
			inputPaths = (
			);
			name = "[CP] Check Pods Manifest.lock";
			outputPaths = (
			);
			runOnlyForDeploymentPostprocessing = 0;
			shellPath = /bin/sh;
			shellScript = "diff \"${PODS_ROOT}/../Podfile.lock\" \"${PODS_ROOT}/Manifest.lock\" > /dev/null\nif [[ $? != 0 ]] ; then\n    cat << EOM\nerror: The sandbox is not in sync with the Podfile.lock. Run 'pod install' or update your CocoaPods installation.\nEOM\n    exit 1\nfi\n";
			showEnvVarsInLog = 0;
		};
		FEEAC6B7FAE8C955ABB58E9D /* [CP] Copy Pods Resources */ = {
			isa = PBXShellScriptBuildPhase;
			buildActionMask = 2147483647;
			files = (
			);
			inputPaths = (
			);
			name = "[CP] Copy Pods Resources";
			outputPaths = (
			);
			runOnlyForDeploymentPostprocessing = 0;
			shellPath = /bin/sh;
			shellScript = "\"${SRCROOT}/Pods/Target Support Files/Pods-SingtoSleep/Pods-SingtoSleep-resources.sh\"\n";
			showEnvVarsInLog = 0;
		};
/* End PBXShellScriptBuildPhase section */

/* Begin PBXSourcesBuildPhase section */
		51EA0B2B1DA5E926005E9537 /* Sources */ = {
			isa = PBXSourcesBuildPhase;
			buildActionMask = 2147483647;
			files = (
				1E5297EB1DF4D03600F212E3 /* SongTableViewCell.swift in Sources */,
				51EA0B331DA5E927005E9537 /* AppDelegate.swift in Sources */,
				1E5297E91DF4CF6900F212E3 /* LibraryTableTableViewController.swift in Sources */,
				1E5297ED1DF4D25F00F212E3 /* PlayerViewController.swift in Sources */,
			);
			runOnlyForDeploymentPostprocessing = 0;
		};
		51EA0B3F1DA5E927005E9537 /* Sources */ = {
			isa = PBXSourcesBuildPhase;
			buildActionMask = 2147483647;
			files = (
				51EA0B481DA5E927005E9537 /* SingtoSleepTests.swift in Sources */,
			);
			runOnlyForDeploymentPostprocessing = 0;
		};
		51EA0B4A1DA5E927005E9537 /* Sources */ = {
			isa = PBXSourcesBuildPhase;
			buildActionMask = 2147483647;
			files = (
				51EA0B531DA5E927005E9537 /* SingtoSleepUITests.swift in Sources */,
			);
			runOnlyForDeploymentPostprocessing = 0;
		};
/* End PBXSourcesBuildPhase section */

/* Begin PBXTargetDependency section */
		51EA0B451DA5E927005E9537 /* PBXTargetDependency */ = {
			isa = PBXTargetDependency;
			target = 51EA0B2E1DA5E926005E9537 /* SingtoSleep */;
			targetProxy = 51EA0B441DA5E927005E9537 /* PBXContainerItemProxy */;
		};
		51EA0B501DA5E927005E9537 /* PBXTargetDependency */ = {
			isa = PBXTargetDependency;
			target = 51EA0B2E1DA5E926005E9537 /* SingtoSleep */;
			targetProxy = 51EA0B4F1DA5E927005E9537 /* PBXContainerItemProxy */;
		};
/* End PBXTargetDependency section */

/* Begin PBXVariantGroup section */
		51EA0B361DA5E927005E9537 /* Main.storyboard */ = {
			isa = PBXVariantGroup;
			children = (
				51EA0B371DA5E927005E9537 /* Base */,
			);
			name = Main.storyboard;
			sourceTree = "<group>";
		};
		51EA0B3B1DA5E927005E9537 /* LaunchScreen.storyboard */ = {
			isa = PBXVariantGroup;
			children = (
				51EA0B3C1DA5E927005E9537 /* Base */,
			);
			name = LaunchScreen.storyboard;
			sourceTree = "<group>";
		};
/* End PBXVariantGroup section */

/* Begin XCBuildConfiguration section */
		51EA0B551DA5E927005E9537 /* Debug */ = {
			isa = XCBuildConfiguration;
			buildSettings = {
				ALWAYS_SEARCH_USER_PATHS = NO;
				CLANG_ANALYZER_NONNULL = YES;
				CLANG_CXX_LANGUAGE_STANDARD = "gnu++0x";
				CLANG_CXX_LIBRARY = "libc++";
				CLANG_ENABLE_MODULES = YES;
				CLANG_ENABLE_OBJC_ARC = YES;
				CLANG_WARN_BOOL_CONVERSION = YES;
				CLANG_WARN_CONSTANT_CONVERSION = YES;
				CLANG_WARN_DIRECT_OBJC_ISA_USAGE = YES_ERROR;
				CLANG_WARN_EMPTY_BODY = YES;
				CLANG_WARN_ENUM_CONVERSION = YES;
				CLANG_WARN_INT_CONVERSION = YES;
				CLANG_WARN_OBJC_ROOT_CLASS = YES_ERROR;
				CLANG_WARN_UNREACHABLE_CODE = YES;
				CLANG_WARN__DUPLICATE_METHOD_MATCH = YES;
				"CODE_SIGN_IDENTITY[sdk=iphoneos*]" = "iPhone Developer";
				COPY_PHASE_STRIP = NO;
				DEBUG_INFORMATION_FORMAT = dwarf;
				ENABLE_STRICT_OBJC_MSGSEND = YES;
				ENABLE_TESTABILITY = YES;
				GCC_C_LANGUAGE_STANDARD = gnu99;
				GCC_DYNAMIC_NO_PIC = NO;
				GCC_NO_COMMON_BLOCKS = YES;
				GCC_OPTIMIZATION_LEVEL = 0;
				GCC_PREPROCESSOR_DEFINITIONS = (
					"DEBUG=1",
					"$(inherited)",
				);
				GCC_WARN_64_TO_32_BIT_CONVERSION = YES;
				GCC_WARN_ABOUT_RETURN_TYPE = YES_ERROR;
				GCC_WARN_UNDECLARED_SELECTOR = YES;
				GCC_WARN_UNINITIALIZED_AUTOS = YES_AGGRESSIVE;
				GCC_WARN_UNUSED_FUNCTION = YES;
				GCC_WARN_UNUSED_VARIABLE = YES;
				IPHONEOS_DEPLOYMENT_TARGET = 9.3;
				MTL_ENABLE_DEBUG_INFO = YES;
				ONLY_ACTIVE_ARCH = YES;
				SDKROOT = iphoneos;
				SWIFT_OPTIMIZATION_LEVEL = "-Onone";
				TARGETED_DEVICE_FAMILY = "1,2";
			};
			name = Debug;
		};
		51EA0B561DA5E927005E9537 /* Release */ = {
			isa = XCBuildConfiguration;
			buildSettings = {
				ALWAYS_SEARCH_USER_PATHS = NO;
				CLANG_ANALYZER_NONNULL = YES;
				CLANG_CXX_LANGUAGE_STANDARD = "gnu++0x";
				CLANG_CXX_LIBRARY = "libc++";
				CLANG_ENABLE_MODULES = YES;
				CLANG_ENABLE_OBJC_ARC = YES;
				CLANG_WARN_BOOL_CONVERSION = YES;
				CLANG_WARN_CONSTANT_CONVERSION = YES;
				CLANG_WARN_DIRECT_OBJC_ISA_USAGE = YES_ERROR;
				CLANG_WARN_EMPTY_BODY = YES;
				CLANG_WARN_ENUM_CONVERSION = YES;
				CLANG_WARN_INT_CONVERSION = YES;
				CLANG_WARN_OBJC_ROOT_CLASS = YES_ERROR;
				CLANG_WARN_UNREACHABLE_CODE = YES;
				CLANG_WARN__DUPLICATE_METHOD_MATCH = YES;
				"CODE_SIGN_IDENTITY[sdk=iphoneos*]" = "iPhone Developer";
				COPY_PHASE_STRIP = NO;
				DEBUG_INFORMATION_FORMAT = "dwarf-with-dsym";
				ENABLE_NS_ASSERTIONS = NO;
				ENABLE_STRICT_OBJC_MSGSEND = YES;
				GCC_C_LANGUAGE_STANDARD = gnu99;
				GCC_NO_COMMON_BLOCKS = YES;
				GCC_WARN_64_TO_32_BIT_CONVERSION = YES;
				GCC_WARN_ABOUT_RETURN_TYPE = YES_ERROR;
				GCC_WARN_UNDECLARED_SELECTOR = YES;
				GCC_WARN_UNINITIALIZED_AUTOS = YES_AGGRESSIVE;
				GCC_WARN_UNUSED_FUNCTION = YES;
				GCC_WARN_UNUSED_VARIABLE = YES;
				IPHONEOS_DEPLOYMENT_TARGET = 9.3;
				MTL_ENABLE_DEBUG_INFO = NO;
				SDKROOT = iphoneos;
				TARGETED_DEVICE_FAMILY = "1,2";
				VALIDATE_PRODUCT = YES;
			};
			name = Release;
		};
		51EA0B581DA5E927005E9537 /* Debug */ = {
			isa = XCBuildConfiguration;
			baseConfigurationReference = 4C2715310E09594760809DB5 /* Pods-SingtoSleep.debug.xcconfig */;
			buildSettings = {
				ASSETCATALOG_COMPILER_APPICON_NAME = AppIcon;
				INFOPLIST_FILE = SingtoSleep/Info.plist;
				LD_RUNPATH_SEARCH_PATHS = "$(inherited) @executable_path/Frameworks";
				PRODUCT_BUNDLE_IDENTIFIER = AnandChandra.SingtoSleep;
				PRODUCT_NAME = "$(TARGET_NAME)";
				SWIFT_VERSION = 3.0;
			};
			name = Debug;
		};
		51EA0B591DA5E927005E9537 /* Release */ = {
			isa = XCBuildConfiguration;
			baseConfigurationReference = 80D89CCC7E4C59C8F0FF1B02 /* Pods-SingtoSleep.release.xcconfig */;
			buildSettings = {
				ASSETCATALOG_COMPILER_APPICON_NAME = AppIcon;
				INFOPLIST_FILE = SingtoSleep/Info.plist;
				LD_RUNPATH_SEARCH_PATHS = "$(inherited) @executable_path/Frameworks";
				PRODUCT_BUNDLE_IDENTIFIER = AnandChandra.SingtoSleep;
				PRODUCT_NAME = "$(TARGET_NAME)";
				SWIFT_VERSION = 3.0;
			};
			name = Release;
		};
		51EA0B5B1DA5E927005E9537 /* Debug */ = {
			isa = XCBuildConfiguration;
			baseConfigurationReference = 0B648CBAA6F4C5AD9D9C72C8 /* Pods-SingtoSleepTests.debug.xcconfig */;
			buildSettings = {
				BUNDLE_LOADER = "$(TEST_HOST)";
				INFOPLIST_FILE = SingtoSleepTests/Info.plist;
				LD_RUNPATH_SEARCH_PATHS = "$(inherited) @executable_path/Frameworks @loader_path/Frameworks";
				PRODUCT_BUNDLE_IDENTIFIER = AnandChandra.SingtoSleepTests;
				PRODUCT_NAME = "$(TARGET_NAME)";
				SWIFT_VERSION = 3.0;
				TEST_HOST = "$(BUILT_PRODUCTS_DIR)/SingtoSleep.app/SingtoSleep";
			};
			name = Debug;
		};
		51EA0B5C1DA5E927005E9537 /* Release */ = {
			isa = XCBuildConfiguration;
			baseConfigurationReference = 0D728F3FC7FD27C8EB6CFB5E /* Pods-SingtoSleepTests.release.xcconfig */;
			buildSettings = {
				BUNDLE_LOADER = "$(TEST_HOST)";
				INFOPLIST_FILE = SingtoSleepTests/Info.plist;
				LD_RUNPATH_SEARCH_PATHS = "$(inherited) @executable_path/Frameworks @loader_path/Frameworks";
				PRODUCT_BUNDLE_IDENTIFIER = AnandChandra.SingtoSleepTests;
				PRODUCT_NAME = "$(TARGET_NAME)";
				SWIFT_VERSION = 3.0;
				TEST_HOST = "$(BUILT_PRODUCTS_DIR)/SingtoSleep.app/SingtoSleep";
			};
			name = Release;
		};
		51EA0B5E1DA5E927005E9537 /* Debug */ = {
			isa = XCBuildConfiguration;
			baseConfigurationReference = 4201F4BA83FC6B9E903C32C3 /* Pods-SingtoSleepUITests.debug.xcconfig */;
			buildSettings = {
				INFOPLIST_FILE = SingtoSleepUITests/Info.plist;
				LD_RUNPATH_SEARCH_PATHS = "$(inherited) @executable_path/Frameworks @loader_path/Frameworks";
				PRODUCT_BUNDLE_IDENTIFIER = AnandChandra.SingtoSleepUITests;
				PRODUCT_NAME = "$(TARGET_NAME)";
				SWIFT_VERSION = 3.0;
				TEST_TARGET_NAME = SingtoSleep;
			};
			name = Debug;
		};
		51EA0B5F1DA5E927005E9537 /* Release */ = {
			isa = XCBuildConfiguration;
			baseConfigurationReference = F3766EF2D93CA643D04A0D1C /* Pods-SingtoSleepUITests.release.xcconfig */;
			buildSettings = {
				INFOPLIST_FILE = SingtoSleepUITests/Info.plist;
				LD_RUNPATH_SEARCH_PATHS = "$(inherited) @executable_path/Frameworks @loader_path/Frameworks";
				PRODUCT_BUNDLE_IDENTIFIER = AnandChandra.SingtoSleepUITests;
				PRODUCT_NAME = "$(TARGET_NAME)";
				SWIFT_VERSION = 3.0;
				TEST_TARGET_NAME = SingtoSleep;
			};
			name = Release;
		};
/* End XCBuildConfiguration section */

/* Begin XCConfigurationList section */
		51EA0B2A1DA5E926005E9537 /* Build configuration list for PBXProject "SingtoSleep" */ = {
			isa = XCConfigurationList;
			buildConfigurations = (
				51EA0B551DA5E927005E9537 /* Debug */,
				51EA0B561DA5E927005E9537 /* Release */,
			);
			defaultConfigurationIsVisible = 0;
			defaultConfigurationName = Release;
		};
		51EA0B571DA5E927005E9537 /* Build configuration list for PBXNativeTarget "SingtoSleep" */ = {
			isa = XCConfigurationList;
			buildConfigurations = (
				51EA0B581DA5E927005E9537 /* Debug */,
				51EA0B591DA5E927005E9537 /* Release */,
			);
			defaultConfigurationIsVisible = 0;
			defaultConfigurationName = Release;
		};
		51EA0B5A1DA5E927005E9537 /* Build configuration list for PBXNativeTarget "SingtoSleepTests" */ = {
			isa = XCConfigurationList;
			buildConfigurations = (
				51EA0B5B1DA5E927005E9537 /* Debug */,
				51EA0B5C1DA5E927005E9537 /* Release */,
			);
			defaultConfigurationIsVisible = 0;
			defaultConfigurationName = Release;
		};
		51EA0B5D1DA5E927005E9537 /* Build configuration list for PBXNativeTarget "SingtoSleepUITests" */ = {
			isa = XCConfigurationList;
			buildConfigurations = (
				51EA0B5E1DA5E927005E9537 /* Debug */,
				51EA0B5F1DA5E927005E9537 /* Release */,
			);
			defaultConfigurationIsVisible = 0;
			defaultConfigurationName = Release;
		};
/* End XCConfigurationList section */
	};
	rootObject = 51EA0B271DA5E926005E9537 /* Project object */;
}
